<?xml version="1.0" encoding="utf-8"?>
<Project ToolsVersion="4.0" xmlns="http://schemas.microsoft.com/developer/msbuild/2003">
  <ItemGroup>
    <Filter Include="Source Files">
      <UniqueIdentifier>{4FC737F1-C7A5-4376-A066-2A32D752A2FF}</UniqueIdentifier>
      <Extensions>cpp;c;cc;cxx;def;odl;idl;hpj;bat;asm;asmx</Extensions>
    </Filter>
    <Filter Include="Header Files">
      <UniqueIdentifier>{93995380-89BD-4b04-88EB-625FBE52EBFB}</UniqueIdentifier>
      <Extensions>h;hh;hpp;hxx;hm;inl;inc;xsd</Extensions>
    </Filter>
    <Filter Include="Resource Files">
      <UniqueIdentifier>{67DA6AB6-F800-4c08-8B7A-83BB121AAD01}</UniqueIdentifier>
      <Extensions>rc;ico;cur;bmp;dlg;rc2;rct;bin;rgs;gif;jpg;jpeg;jpe;resx;tiff;tif;png;wav;mfcribbon-ms</Extensions>
    </Filter>
  </ItemGroup>
  <ItemGroup>
    <Text Include="ReadMe.txt" />
  </ItemGroup>
  <ItemGroup>
    <ClInclude Include="stdafx.h">
      <Filter>Header Files</Filter>
    </ClInclude>
    <ClInclude Include="targetver.h">
      <Filter>Header Files</Filter>
    </ClInclude>
    <ClInclude Include="..\src\libwpl\block_while.h">
      <Filter>Header Files</Filter>
    </ClInclude>
    <ClInclude Include="..\src\libwpl\block_state.h">
      <Filter>Header Files</Filter>
    </ClInclude>
    <ClInclude Include="..\src\libwpl\block_if.h">
      <Filter>Header Files</Filter>
    </ClInclude>
    <ClInclude Include="..\src\libwpl\block.h">
      <Filter>Header Files</Filter>
    </ClInclude>
    <ClInclude Include="..\src\libwpl\array.h">
      <Filter>Header Files</Filter>
    </ClInclude>
    <ClInclude Include="..\src\libwpl\blocks.h">
      <Filter>Header Files</Filter>
    </ClInclude>
    <ClInclude Include="..\src\libwpl\class.h">
      <Filter>Header Files</Filter>
    </ClInclude>
    <ClInclude Include="..\src\libwpl\cloneable.h">
      <Filter>Header Files</Filter>
    </ClInclude>
    <ClInclude Include="..\src\libwpl\debug.h">
      <Filter>Header Files</Filter>
    </ClInclude>
    <ClInclude Include="..\src\libwpl\do_operator.h">
      <Filter>Header Files</Filter>
    </ClInclude>
    <ClInclude Include="..\src\libwpl\exception.h">
      <Filter>Header Files</Filter>
    </ClInclude>
    <ClInclude Include="..\src\libwpl\exp_deque.h">
      <Filter>Header Files</Filter>
    </ClInclude>
    <ClInclude Include="..\src\libwpl\expression.h">
      <Filter>Header Files</Filter>
    </ClInclude>
    <ClInclude Include="..\src\libwpl\expression_state.h">
      <Filter>Header Files</Filter>
    </ClInclude>
    <ClInclude Include="..\src\libwpl\function.h">
      <Filter>Header Files</Filter>
    </ClInclude>
    <ClInclude Include="..\src\libwpl\function_state.h">
      <Filter>Header Files</Filter>
    </ClInclude>
    <ClInclude Include="..\src\libwpl\hash.h">
      <Filter>Header Files</Filter>
    </ClInclude>
    <ClInclude Include="..\src\libwpl\identifier.h">
      <Filter>Header Files</Filter>
    </ClInclude>
    <ClInclude Include="..\src\libwpl\internal_function.h">
      <Filter>Header Files</Filter>
    </ClInclude>
    <ClInclude Include="..\src\libwpl\json.h">
      <Filter>Header Files</Filter>
    </ClInclude>
    <ClInclude Include="..\src\libwpl\matcher.h">
      <Filter>Header Files</Filter>
    </ClInclude>
    <ClInclude Include="..\src\libwpl\module_loader.h">
      <Filter>Header Files</Filter>
    </ClInclude>
    <ClInclude Include="..\src\libwpl\variable.h">
      <Filter>Header Files</Filter>
    </ClInclude>
    <ClInclude Include="..\src\libwpl\void.h">
      <Filter>Header Files</Filter>
    </ClInclude>
    <ClInclude Include="..\src\libwpl\wpl_string.h">
      <Filter>Header Files</Filter>
    </ClInclude>
    <ClInclude Include="..\src\libwpl\value_wrapper.h">
      <Filter>Header Files</Filter>
    </ClInclude>
    <ClInclude Include="..\src\libwpl\value_vstring.h">
      <Filter>Header Files</Filter>
    </ClInclude>
    <ClInclude Include="..\src\libwpl\value_void.h">
      <Filter>Header Files</Filter>
    </ClInclude>
    <ClInclude Include="..\src\libwpl\value_unsafe_pointer.h">
      <Filter>Header Files</Filter>
    </ClInclude>
    <ClInclude Include="..\src\libwpl\value_unresolved.h">
      <Filter>Header Files</Filter>
    </ClInclude>
    <ClInclude Include="..\src\libwpl\value_uint.h">
      <Filter>Header Files</Filter>
    </ClInclude>
    <ClInclude Include="..\src\libwpl\value_struct.h">
      <Filter>Header Files</Filter>
    </ClInclude>
    <ClInclude Include="..\src\libwpl\value_string.h">
      <Filter>Header Files</Filter>
    </ClInclude>
    <ClInclude Include="..\src\libwpl\value_stdin.h">
      <Filter>Header Files</Filter>
    </ClInclude>
    <ClInclude Include="..\src\libmysql\value_sql.h">
      <Filter>Header Files</Filter>
    </ClInclude>
    <ClInclude Include="..\src\libwpl\value_regex.h">
      <Filter>Header Files</Filter>
    </ClInclude>
    <ClInclude Include="..\src\libwpl\value_post.h">
      <Filter>Header Files</Filter>
    </ClInclude>
    <ClInclude Include="..\src\libwpl\value_output_trigger.h">
      <Filter>Header Files</Filter>
    </ClInclude>
    <ClInclude Include="..\src\libwpl\value_number.h">
      <Filter>Header Files</Filter>
    </ClInclude>
    <ClInclude Include="..\src\libwpl\value_longlonguint.h">
      <Filter>Header Files</Filter>
    </ClInclude>
    <ClInclude Include="..\src\libwpl\value_longlongint.h">
      <Filter>Header Files</Filter>
    </ClInclude>
    <ClInclude Include="..\src\libwpl\value_list.h">
      <Filter>Header Files</Filter>
    </ClInclude>
    <ClInclude Include="..\src\libwpl\value_integer.h">
      <Filter>Header Files</Filter>
    </ClInclude>
    <ClInclude Include="..\src\libwpl\value_int.h">
      <Filter>Header Files</Filter>
    </ClInclude>
    <ClInclude Include="..\src\libwpl\value_identifier.h">
      <Filter>Header Files</Filter>
    </ClInclude>
    <ClInclude Include="..\src\libwpl\value_holder.h">
      <Filter>Header Files</Filter>
    </ClInclude>
    <ClInclude Include="..\src\libwpl\value_hash.h">
      <Filter>Header Files</Filter>
    </ClInclude>
    <ClInclude Include="..\src\libwpl\value_get.h">
      <Filter>Header Files</Filter>
    </ClInclude>
    <ClInclude Include="..\src\libwpl\value_function_ptr.h">
      <Filter>Header Files</Filter>
    </ClInclude>
    <ClInclude Include="..\src\libwpl\value_float.h">
      <Filter>Header Files</Filter>
    </ClInclude>
    <ClInclude Include="..\src\libwpl\value_env.h">
      <Filter>Header Files</Filter>
    </ClInclude>
    <ClInclude Include="..\src\libwpl\value_double.h">
      <Filter>Header Files</Filter>
    </ClInclude>
    <ClInclude Include="..\src\libwpl\value_cxx_class_wrapper.h">
      <Filter>Header Files</Filter>
    </ClInclude>
    <ClInclude Include="..\src\libwpl\value_cookie.h">
      <Filter>Header Files</Filter>
    </ClInclude>
    <ClInclude Include="..\src\libwpl\value_constant_pointer.h">
      <Filter>Header Files</Filter>
    </ClInclude>
    <ClInclude Include="..\src\libwpl\value_bool.h">
      <Filter>Header Files</Filter>
    </ClInclude>
    <ClInclude Include="..\src\libwpl\value_array.h">
      <Filter>Header Files</Filter>
    </ClInclude>
    <ClInclude Include="..\src\libwpl\value.h">
      <Filter>Header Files</Filter>
    </ClInclude>
    <ClInclude Include="..\src\libwpl\user_function.h">
      <Filter>Header Files</Filter>
    </ClInclude>
    <ClInclude Include="..\src\libwpl\types.h">
      <Filter>Header Files</Filter>
    </ClInclude>
    <ClInclude Include="..\src\libwpl\typenames.h">
      <Filter>Header Files</Filter>
    </ClInclude>
    <ClInclude Include="..\src\libwpl\type_precedence.h">
      <Filter>Header Files</Filter>
    </ClInclude>
    <ClInclude Include="..\src\libwpl\text_state.h">
      <Filter>Header Files</Filter>
    </ClInclude>
    <ClInclude Include="..\src\libwpl\text.h">
      <Filter>Header Files</Filter>
    </ClInclude>
    <ClInclude Include="..\src\libwpl\template.h">
      <Filter>Header Files</Filter>
    </ClInclude>
    <ClInclude Include="..\src\libwpl\suicidal.h">
      <Filter>Header Files</Filter>
    </ClInclude>
    <ClInclude Include="..\src\libwpl\struct_state.h">
      <Filter>Header Files</Filter>
    </ClInclude>
    <ClInclude Include="..\src\libwpl\struct.h">
      <Filter>Header Files</Filter>
    </ClInclude>
    <ClInclude Include="..\src\libwpl\state.h">
      <Filter>Header Files</Filter>
    </ClInclude>
    <ClInclude Include="..\src\libmysql\sql.h">
      <Filter>Header Files</Filter>
    </ClInclude>
    <ClInclude Include="..\src\libwpl\shunting_yard_carrier.h">
      <Filter>Header Files</Filter>
    </ClInclude>
    <ClInclude Include="..\src\libwpl\shunting_yard.h">
      <Filter>Header Files</Filter>
    </ClInclude>
    <ClInclude Include="..\src\libwpl\shuntable.h">
      <Filter>Header Files</Filter>
    </ClInclude>
    <ClInclude Include="..\src\libwpl\scene.h">
      <Filter>Header Files</Filter>
    </ClInclude>
    <ClInclude Include="..\src\libwpl\runable.h">
      <Filter>Header Files</Filter>
    </ClInclude>
    <ClInclude Include="..\src\libwpl\program.h">
      <Filter>Header Files</Filter>
    </ClInclude>
    <ClInclude Include="..\src\libwpl\pragma_state.h">
      <Filter>Header Files</Filter>
    </ClInclude>
    <ClInclude Include="..\src\libwpl\pragma_names.h">
      <Filter>Header Files</Filter>
    </ClInclude>
    <ClInclude Include="..\src\libwpl\pragma.h">
      <Filter>Header Files</Filter>
    </ClInclude>
    <ClInclude Include="..\src\libwpl\parser.h">
      <Filter>Header Files</Filter>
    </ClInclude>
    <ClInclude Include="..\src\libwpl\parseable.h">
      <Filter>Header Files</Filter>
    </ClInclude>
    <ClInclude Include="..\src\libwpl\output_json.h">
      <Filter>Header Files</Filter>
    </ClInclude>
    <ClInclude Include="..\src\libwpl\operator_types.h">
      <Filter>Header Files</Filter>
    </ClInclude>
    <ClInclude Include="..\src\libwpl\operator_return_values.h">
      <Filter>Header Files</Filter>
    </ClInclude>
    <ClInclude Include="..\src\libwpl\operator.h">
      <Filter>Header Files</Filter>
    </ClInclude>
    <ClInclude Include="..\src\libwpl\object.h">
      <Filter>Header Files</Filter>
    </ClInclude>
    <ClInclude Include="..\src\libwpl\namespace_session.h">
      <Filter>Header Files</Filter>
    </ClInclude>
    <ClInclude Include="..\src\libwpl\namespace.h">
      <Filter>Header Files</Filter>
    </ClInclude>
    <ClInclude Include="..\src\libmysql\mysql_types.h">
      <Filter>Header Files</Filter>
    </ClInclude>
    <ClInclude Include="..\src\libmysql\mysql_stmt.h">
      <Filter>Header Files</Filter>
    </ClInclude>
    <ClInclude Include="..\src\libmysql\mysql_row.h">
      <Filter>Header Files</Filter>
    </ClInclude>
    <ClInclude Include="..\src\libmysql\mysql_res_holder.h">
      <Filter>Header Files</Filter>
    </ClInclude>
    <ClInclude Include="..\src\libmysql\mysql.h">
      <Filter>Header Files</Filter>
    </ClInclude>
    <ClInclude Include="..\src\libmysql\mysql_pointers.h">
      <Filter>Header Files</Filter>
    </ClInclude>
    <ClInclude Include="..\src\libwpl\value_expression.h">
      <Filter>Header Files</Filter>
    </ClInclude>
    <ClInclude Include="..\global.h">
      <Filter>Header Files</Filter>
    </ClInclude>
    <ClInclude Include="..\include\module.h">
      <Filter>Header Files</Filter>
    </ClInclude>
    <ClInclude Include="..\src\libmysql\libwpl_mysql.h">
      <Filter>Header Files</Filter>
    </ClInclude>
  </ItemGroup>
  <ItemGroup>
    <ClCompile Include="..\src\main.cpp">
      <Filter>Source Files</Filter>
    </ClCompile>
    <ClCompile Include="..\src\libwpl\array.cpp">
      <Filter>Source Files</Filter>
    </ClCompile>
    <ClCompile Include="..\src\libwpl\block.cpp">
      <Filter>Source Files</Filter>
    </ClCompile>
    <ClCompile Include="..\src\libwpl\block_if.cpp">
      <Filter>Source Files</Filter>
    </ClCompile>
    <ClCompile Include="..\src\libwpl\block_state.cpp">
      <Filter>Source Files</Filter>
    </ClCompile>
    <ClCompile Include="..\src\libwpl\block_while.cpp">
      <Filter>Source Files</Filter>
    </ClCompile>
    <ClCompile Include="..\src\libwpl\expression.cpp">
      <Filter>Source Files</Filter>
    </ClCompile>
    <ClCompile Include="..\src\libwpl\expression_state.cpp">
      <Filter>Source Files</Filter>
    </ClCompile>
    <ClCompile Include="..\src\libwpl\function.cpp">
      <Filter>Source Files</Filter>
    </ClCompile>
    <ClCompile Include="..\src\libwpl\function_state.cpp">
      <Filter>Source Files</Filter>
    </ClCompile>
    <ClCompile Include="..\src\libwpl\hash.cpp">
      <Filter>Source Files</Filter>
    </ClCompile>
    <ClCompile Include="..\src\libwpl\identifier.cpp">
      <Filter>Source Files</Filter>
    </ClCompile>
    <ClCompile Include="..\src\libwpl\internal_function.cpp">
      <Filter>Source Files</Filter>
    </ClCompile>
    <ClCompile Include="..\src\libwpl\json.cpp">
      <Filter>Source Files</Filter>
    </ClCompile>
    <ClCompile Include="..\src\libwpl\matcher.cpp">
      <Filter>Source Files</Filter>
    </ClCompile>
    <ClCompile Include="..\src\libwpl\module_loader.cpp">
      <Filter>Source Files</Filter>
    </ClCompile>
    <ClCompile Include="..\src\libwpl\namespace.cpp">
      <Filter>Source Files</Filter>
    </ClCompile>
    <ClCompile Include="..\src\libwpl\namespace_session.cpp">
      <Filter>Source Files</Filter>
    </ClCompile>
    <ClCompile Include="..\src\libwpl\object.cpp">
      <Filter>Source Files</Filter>
    </ClCompile>
    <ClCompile Include="..\src\libwpl\operator.cpp">
      <Filter>Source Files</Filter>
    </ClCompile>
    <ClCompile Include="..\src\libwpl\output_json.cpp">
      <Filter>Source Files</Filter>
    </ClCompile>
    <ClCompile Include="..\src\libwpl\parser.cpp">
      <Filter>Source Files</Filter>
    </ClCompile>
    <ClCompile Include="..\src\libwpl\pragma.cpp">
      <Filter>Source Files</Filter>
    </ClCompile>
    <ClCompile Include="..\src\libwpl\pragma_state.cpp">
      <Filter>Source Files</Filter>
    </ClCompile>
    <ClCompile Include="..\src\libwpl\program.cpp">
      <Filter>Source Files</Filter>
    </ClCompile>
    <ClCompile Include="..\src\libwpl\runable.cpp">
      <Filter>Source Files</Filter>
    </ClCompile>
    <ClCompile Include="..\src\libwpl\scene.cpp">
      <Filter>Source Files</Filter>
    </ClCompile>
    <ClCompile Include="..\src\libwpl\shunting_yard.cpp">
      <Filter>Source Files</Filter>
    </ClCompile>
    <ClCompile Include="..\src\libwpl\string.cpp">
      <Filter>Source Files</Filter>
    </ClCompile>
    <ClCompile Include="..\src\libwpl\struct.cpp">
      <Filter>Source Files</Filter>
    </ClCompile>
    <ClCompile Include="..\src\libwpl\template.cpp">
      <Filter>Source Files</Filter>
    </ClCompile>
    <ClCompile Include="..\src\libwpl\text.cpp">
      <Filter>Source Files</Filter>
    </ClCompile>
    <ClCompile Include="..\src\libwpl\text_state.cpp">
      <Filter>Source Files</Filter>
    </ClCompile>
    <ClCompile Include="..\src\libwpl\types.cpp">
      <Filter>Source Files</Filter>
    </ClCompile>
    <ClCompile Include="..\src\libwpl\user_function.cpp">
      <Filter>Source Files</Filter>
    </ClCompile>
    <ClCompile Include="..\src\libwpl\value.cpp">
      <Filter>Source Files</Filter>
    </ClCompile>
    <ClCompile Include="..\src\libwpl\value_array.cpp">
      <Filter>Source Files</Filter>
    </ClCompile>
    <ClCompile Include="..\src\libwpl\value_cookie.cpp">
      <Filter>Source Files</Filter>
    </ClCompile>
    <ClCompile Include="..\src\libwpl\value_env.cpp">
      <Filter>Source Files</Filter>
    </ClCompile>
    <ClCompile Include="..\src\libwpl\value_expression.cpp">
      <Filter>Source Files</Filter>
    </ClCompile>
    <ClCompile Include="..\src\libwpl\value_function_ptr.cpp">
      <Filter>Source Files</Filter>
    </ClCompile>
    <ClCompile Include="..\src\libwpl\value_get.cpp">
      <Filter>Source Files</Filter>
    </ClCompile>
    <ClCompile Include="..\src\libwpl\value_hash.cpp">
      <Filter>Source Files</Filter>
    </ClCompile>
    <ClCompile Include="..\src\libwpl\value_int.cpp">
      <Filter>Source Files</Filter>
    </ClCompile>
    <ClCompile Include="..\src\libwpl\value_list.cpp">
      <Filter>Source Files</Filter>
    </ClCompile>
    <ClCompile Include="..\src\libwpl\value_post.cpp">
      <Filter>Source Files</Filter>
    </ClCompile>
    <ClCompile Include="..\src\libwpl\value_regex.cpp">
      <Filter>Source Files</Filter>
    </ClCompile>
    <ClCompile Include="..\src\libwpl\value_stdin.cpp">
      <Filter>Source Files</Filter>
    </ClCompile>
    <ClCompile Include="..\src\libwpl\value_string.cpp">
      <Filter>Source Files</Filter>
    </ClCompile>
    <ClCompile Include="..\src\libwpl\value_struct.cpp">
      <Filter>Source Files</Filter>
    </ClCompile>
    <ClCompile Include="..\src\libwpl\value_unresolved.cpp">
      <Filter>Source Files</Filter>
    </ClCompile>
    <ClCompile Include="..\src\libwpl\value_vstring.cpp">
      <Filter>Source Files</Filter>
    </ClCompile>
    <ClCompile Include="..\src\libwpl\variable.cpp">
      <Filter>Source Files</Filter>
    </ClCompile>
    <ClCompile Include="..\src\libmysql\sql.cpp">
      <Filter>Source Files</Filter>
    </ClCompile>
    <ClCompile Include="..\src\libmysql\value_sql.cpp">
      <Filter>Source Files</Filter>
    </ClCompile>
    <ClCompile Include="stdafx.cpp">
      <Filter>Source Files</Filter>
    </ClCompile>
    <ClCompile Include="..\src\libwpl\io.cpp">
      <Filter>Source Files</Filter>
    </ClCompile>
    <ClCompile Include="..\src\libwpl\modifier.cpp">
      <Filter>Source Files</Filter>
    </ClCompile>
    <ClCompile Include="..\src\libwpl\scene_state.cpp">
      <Filter>Source Files</Filter>
    </ClCompile>
    <ClCompile Include="..\src\libwpl\state.cpp">
      <Filter>Source Files</Filter>
    </ClCompile>
    <ClCompile Include="..\src\libwpl\value_output_trigger.cpp">
      <Filter>Source Files</Filter>
    </ClCompile>
    <ClCompile Include="..\src\libmysql\libwpl_mysql.cpp">
      <Filter>Source Files</Filter>
    </ClCompile>
    <ClCompile Include="..\src\libmysql\mysql.cpp">
      <Filter>Source Files</Filter>
    </ClCompile>
    <ClCompile Include="..\src\libmysql\mysql_res_holder.cpp">
      <Filter>Source Files</Filter>
    </ClCompile>
    <ClCompile Include="..\src\libmysql\mysql_row.cpp">
      <Filter>Source Files</Filter>
    </ClCompile>
    <ClCompile Include="..\src\libmysql\mysql_stmt.cpp">
      <Filter>Source Files</Filter>
    </ClCompile>
  </ItemGroup>
</Project>